
Microsoft Visual Studio Solution File, Format Version 12.00
# Visual Studio Version 17
VisualStudioVersion = 17.13.35818.85
MinimumVisualStudioVersion = 10.0.40219.1
Project("{8BC9CEB8-8B4A-11D0-8D11-00A0C91BC942}") = "CPP_HIGHT", "CPP_HIGHT\CPP_HIGHT.vcxproj", "{2797A119-04EA-4C12-81C5-07B79288E895}"
EndProject
Project("{8BC9CEB8-8B4A-11D0-8D11-00A0C91BC942}") = "反射", "反射\反射.vcxproj", "{61230FCE-10DF-4B3E-BFC2-895E43CE9005}"
EndProject
Project("{8BC9CEB8-8B4A-11D0-8D11-00A0C91BC942}") = "工厂模式", "工厂模式\工厂模式.vcxproj", "{40A28333-B175-4B8D-ACA2-97C2A675C3B1}"
EndProject
Project("{8BC9CEB8-8B4A-11D0-8D11-00A0C91BC942}") = "函数模板 与 类模板", "函数模板 与 类模板\函数模板 与 类模板.vcxproj", "{24DE5249-2D28-407F-BFDB-DEA82BE8AB0F}"
EndProject
Project("{8BC9CEB8-8B4A-11D0-8D11-00A0C91BC942}") = "单例模式", "单例模式\单例模式.vcxproj", "{DC60E611-DEC8-478B-954B-3C34A89CF018}"
EndProject
Global
	GlobalSection(SolutionConfigurationPlatforms) = preSolution
		Debug|x64 = Debug|x64
		Debug|x86 = Debug|x86
		Release|x64 = Release|x64
		Release|x86 = Release|x86
	EndGlobalSection
	GlobalSection(ProjectConfigurationPlatforms) = postSolution
		{2797A119-04EA-4C12-81C5-07B79288E895}.Debug|x64.ActiveCfg = Debug|x64
		{2797A119-04EA-4C12-81C5-07B79288E895}.Debug|x64.Build.0 = Debug|x64
		{2797A119-04EA-4C12-81C5-07B79288E895}.Debug|x86.ActiveCfg = Debug|Win32
		{2797A119-04EA-4C12-81C5-07B79288E895}.Debug|x86.Build.0 = Debug|Win32
		{2797A119-04EA-4C12-81C5-07B79288E895}.Release|x64.ActiveCfg = Release|x64
		{2797A119-04EA-4C12-81C5-07B79288E895}.Release|x64.Build.0 = Release|x64
		{2797A119-04EA-4C12-81C5-07B79288E895}.Release|x86.ActiveCfg = Release|Win32
		{2797A119-04EA-4C12-81C5-07B79288E895}.Release|x86.Build.0 = Release|Win32
		{61230FCE-10DF-4B3E-BFC2-895E43CE9005}.Debug|x64.ActiveCfg = Debug|x64
		{61230FCE-10DF-4B3E-BFC2-895E43CE9005}.Debug|x64.Build.0 = Debug|x64
		{61230FCE-10DF-4B3E-BFC2-895E43CE9005}.Debug|x86.ActiveCfg = Debug|Win32
		{61230FCE-10DF-4B3E-BFC2-895E43CE9005}.Debug|x86.Build.0 = Debug|Win32
		{61230FCE-10DF-4B3E-BFC2-895E43CE9005}.Release|x64.ActiveCfg = Release|x64
		{61230FCE-10DF-4B3E-BFC2-895E43CE9005}.Release|x64.Build.0 = Release|x64
		{61230FCE-10DF-4B3E-BFC2-895E43CE9005}.Release|x86.ActiveCfg = Release|Win32
		{61230FCE-10DF-4B3E-BFC2-895E43CE9005}.Release|x86.Build.0 = Release|Win32
		{40A28333-B175-4B8D-ACA2-97C2A675C3B1}.Debug|x64.ActiveCfg = Debug|x64
		{40A28333-B175-4B8D-ACA2-97C2A675C3B1}.Debug|x64.Build.0 = Debug|x64
		{40A28333-B175-4B8D-ACA2-97C2A675C3B1}.Debug|x86.ActiveCfg = Debug|Win32
		{40A28333-B175-4B8D-ACA2-97C2A675C3B1}.Debug|x86.Build.0 = Debug|Win32
		{40A28333-B175-4B8D-ACA2-97C2A675C3B1}.Release|x64.ActiveCfg = Release|x64
		{40A28333-B175-4B8D-ACA2-97C2A675C3B1}.Release|x64.Build.0 = Release|x64
		{40A28333-B175-4B8D-ACA2-97C2A675C3B1}.Release|x86.ActiveCfg = Release|Win32
		{40A28333-B175-4B8D-ACA2-97C2A675C3B1}.Release|x86.Build.0 = Release|Win32
		{24DE5249-2D28-407F-BFDB-DEA82BE8AB0F}.Debug|x64.ActiveCfg = Debug|x64
		{24DE5249-2D28-407F-BFDB-DEA82BE8AB0F}.Debug|x64.Build.0 = Debug|x64
		{24DE5249-2D28-407F-BFDB-DEA82BE8AB0F}.Debug|x86.ActiveCfg = Debug|Win32
		{24DE5249-2D28-407F-BFDB-DEA82BE8AB0F}.Debug|x86.Build.0 = Debug|Win32
		{24DE5249-2D28-407F-BFDB-DEA82BE8AB0F}.Release|x64.ActiveCfg = Release|x64
		{24DE5249-2D28-407F-BFDB-DEA82BE8AB0F}.Release|x64.Build.0 = Release|x64
		{24DE5249-2D28-407F-BFDB-DEA82BE8AB0F}.Release|x86.ActiveCfg = Release|Win32
		{24DE5249-2D28-407F-BFDB-DEA82BE8AB0F}.Release|x86.Build.0 = Release|Win32
		{DC60E611-DEC8-478B-954B-3C34A89CF018}.Debug|x64.ActiveCfg = Debug|x64
		{DC60E611-DEC8-478B-954B-3C34A89CF018}.Debug|x64.Build.0 = Debug|x64
		{DC60E611-DEC8-478B-954B-3C34A89CF018}.Debug|x86.ActiveCfg = Debug|Win32
		{DC60E611-DEC8-478B-954B-3C34A89CF018}.Debug|x86.Build.0 = Debug|Win32
		{DC60E611-DEC8-478B-954B-3C34A89CF018}.Release|x64.ActiveCfg = Release|x64
		{DC60E611-DEC8-478B-954B-3C34A89CF018}.Release|x64.Build.0 = Release|x64
		{DC60E611-DEC8-478B-954B-3C34A89CF018}.Release|x86.ActiveCfg = Release|Win32
		{DC60E611-DEC8-478B-954B-3C34A89CF018}.Release|x86.Build.0 = Release|Win32
	EndGlobalSection
	GlobalSection(SolutionProperties) = preSolution
		HideSolutionNode = FALSE
	EndGlobalSection
	GlobalSection(ExtensibilityGlobals) = postSolution
		SolutionGuid = {76741467-9332-43DE-960B-FC6718266668}
	EndGlobalSection
EndGlobal
